
Microsoft Visual Studio Solution File, Format Version 12.00
# Visual Studio Version 17
VisualStudioVersion = 17.7.34031.279
MinimumVisualStudioVersion = 10.0.40219.1
Project("{FAE04EC0-301F-11D3-BF4B-00C04F79EFBC}") = "kurcach", "kurcach.csproj", "{C02AE04D-0A46-49A3-B278-55733B630677}"
EndProject
Global
	GlobalSection(SolutionConfigurationPlatforms) = preSolution
		Debug|Any CPU = Debug|Any CPU
		Release|Any CPU = Release|Any CPU
	EndGlobalSection
	GlobalSection(ProjectConfigurationPlatforms) = postSolution
		{C02AE04D-0A46-49A3-B278-55733B630677}.Debug|Any CPU.ActiveCfg = Debug|Any CPU
		{C02AE04D-0A46-49A3-B278-55733B630677}.Debug|Any CPU.Build.0 = Debug|Any CPU
		{C02AE04D-0A46-49A3-B278-55733B630677}.Release|Any CPU.ActiveCfg = Release|Any CPU
		{C02AE04D-0A46-49A3-B278-55733B630677}.Release|Any CPU.Build.0 = Release|Any CPU
	EndGlobalSection
	GlobalSection(SolutionProperties) = preSolution
		HideSolutionNode = FALSE
	EndGlobalSection
	GlobalSection(ExtensibilityGlobals) = postSolution
		SolutionGuid = {06421016-BB9D-478E-B10A-EF4D54D076DD}
	EndGlobalSection
EndGlobal
